
Microsoft Visual Studio Solution File, Format Version 12.00
# Visual Studio Version 17
VisualStudioVersion = 17.8.34330.188
MinimumVisualStudioVersion = 10.0.40219.1
Project("{FAE04EC0-301F-11D3-BF4B-00C04F79EFBC}") = "Pokemon", "Pokemon\Pokemon.csproj", "{B0F40A35-3430-4FF2-9B44-14D86BD6D455}"
EndProject
Global
	GlobalSection(SolutionConfigurationPlatforms) = preSolution
		Debug|Any CPU = Debug|Any CPU
		Release|Any CPU = Release|Any CPU
	EndGlobalSection
	GlobalSection(ProjectConfigurationPlatforms) = postSolution
		{B0F40A35-3430-4FF2-9B44-14D86BD6D455}.Debug|Any CPU.ActiveCfg = Debug|Any CPU
		{B0F40A35-3430-4FF2-9B44-14D86BD6D455}.Debug|Any CPU.Build.0 = Debug|Any CPU
		{B0F40A35-3430-4FF2-9B44-14D86BD6D455}.Release|Any CPU.ActiveCfg = Release|Any CPU
		{B0F40A35-3430-4FF2-9B44-14D86BD6D455}.Release|Any CPU.Build.0 = Release|Any CPU
	EndGlobalSection
	GlobalSection(SolutionProperties) = preSolution
		HideSolutionNode = FALSE
	EndGlobalSection
	GlobalSection(ExtensibilityGlobals) = postSolution
		SolutionGuid = {A4F4FC1C-D29A-44EF-8863-FED093E6DB34}
	EndGlobalSection
EndGlobal
